Microsoft Visual Studio Solution File, Format Version 12.00
# Visual Studio Version 17
VisualStudioVersion = 17.5.2.0
MinimumVisualStudioVersion = 10.0.40219.1
Project("{2150E333-8FDC-42A3-9474-1A3956D46DE8}") = "app", "app", "{F95F473B-E98A-ACD6-1986-755F447BE36F}"
EndProject
Project("{FAE04EC0-301F-11D3-BF4B-00C04F79EFBC}") = "BusyLight", "app\BusyLight\BusyLight.csproj", "{B8EB2976-9538-F80F-7B74-2EDA6F2ED09C}"
EndProject
Global
	GlobalSection(SolutionConfigurationPlatforms) = preSolution
		Debug|Any CPU = Debug|Any CPU
		Release|Any CPU = Release|Any CPU
	EndGlobalSection
	GlobalSection(ProjectConfigurationPlatforms) = postSolution
		{B8EB2976-9538-F80F-7B74-2EDA6F2ED09C}.Debug|Any CPU.ActiveCfg = Debug|Any CPU
		{B8EB2976-9538-F80F-7B74-2EDA6F2ED09C}.Debug|Any CPU.Build.0 = Debug|Any CPU
		{B8EB2976-9538-F80F-7B74-2EDA6F2ED09C}.Release|Any CPU.ActiveCfg = Release|Any CPU
		{B8EB2976-9538-F80F-7B74-2EDA6F2ED09C}.Release|Any CPU.Build.0 = Release|Any CPU
	EndGlobalSection
	GlobalSection(SolutionProperties) = preSolution
		HideSolutionNode = FALSE
	EndGlobalSection
	GlobalSection(NestedProjects) = preSolution
		{B8EB2976-9538-F80F-7B74-2EDA6F2ED09C} = {F95F473B-E98A-ACD6-1986-755F447BE36F}
	EndGlobalSection
	GlobalSection(ExtensibilityGlobals) = postSolution
		SolutionGuid = {8AE90368-A529-4399-A1BC-950D210C8F52}
	EndGlobalSection
EndGlobal
